
Microsoft Visual Studio Solution File, Format Version 12.00
# Visual Studio Version 17
VisualStudioVersion = 17.3.32819.101
MinimumVisualStudioVersion = 10.0.40219.1
Project("{FAE04EC0-301F-11D3-BF4B-00C04F79EFBC}") = "TAApplication", "TAApplication\TAApplication.csproj", "{967D500A-D528-4767-A580-6AD18337F56D}"
EndProject
Global
	GlobalSection(SolutionConfigurationPlatforms) = preSolution
		Debug|Any CPU = Debug|Any CPU
		Release|Any CPU = Release|Any CPU
	EndGlobalSection
	GlobalSection(ProjectConfigurationPlatforms) = postSolution
		{967D500A-D528-4767-A580-6AD18337F56D}.Debug|Any CPU.ActiveCfg = Debug|Any CPU
		{967D500A-D528-4767-A580-6AD18337F56D}.Debug|Any CPU.Build.0 = Debug|Any CPU
		{967D500A-D528-4767-A580-6AD18337F56D}.Release|Any CPU.ActiveCfg = Release|Any CPU
		{967D500A-D528-4767-A580-6AD18337F56D}.Release|Any CPU.Build.0 = Release|Any CPU
	EndGlobalSection
	GlobalSection(SolutionProperties) = preSolution
		HideSolutionNode = FALSE
	EndGlobalSection
	GlobalSection(ExtensibilityGlobals) = postSolution
		SolutionGuid = {94E43A03-612D-452A-97CB-D25E30CBC9BA}
	EndGlobalSection
EndGlobal
